
Microsoft Visual Studio Solution File, Format Version 12.00
# Visual Studio Version 16
VisualStudioVersion = 16.0.31613.86
MinimumVisualStudioVersion = 10.0.40219.1
Project("{FAE04EC0-301F-11D3-BF4B-00C04F79EFBC}") = "quadradroDeAzulejos", "quadradroDeAzulejos.csproj", "{ACE8DA6C-6E23-4314-B02C-523D9AA1C95A}"
EndProject
Global
	GlobalSection(SolutionConfigurationPlatforms) = preSolution
		Debug|Any CPU = Debug|Any CPU
		Release|Any CPU = Release|Any CPU
	EndGlobalSection
	GlobalSection(ProjectConfigurationPlatforms) = postSolution
		{ACE8DA6C-6E23-4314-B02C-523D9AA1C95A}.Debug|Any CPU.ActiveCfg = Debug|Any CPU
		{ACE8DA6C-6E23-4314-B02C-523D9AA1C95A}.Debug|Any CPU.Build.0 = Debug|Any CPU
		{ACE8DA6C-6E23-4314-B02C-523D9AA1C95A}.Release|Any CPU.ActiveCfg = Release|Any CPU
		{ACE8DA6C-6E23-4314-B02C-523D9AA1C95A}.Release|Any CPU.Build.0 = Release|Any CPU
	EndGlobalSection
	GlobalSection(SolutionProperties) = preSolution
		HideSolutionNode = FALSE
	EndGlobalSection
	GlobalSection(ExtensibilityGlobals) = postSolution
		SolutionGuid = {E2D156BF-45EE-42CE-81A2-73C8276A7ABF}
	EndGlobalSection
EndGlobal
