
Microsoft Visual Studio Solution File, Format Version 12.00
# Visual Studio Version 16
VisualStudioVersion = 16.0.31613.86
MinimumVisualStudioVersion = 10.0.40219.1
Project("{FAE04EC0-301F-11D3-BF4B-00C04F79EFBC}") = "Recrutamento", "Recrutamento.csproj", "{238C6B8C-21B0-447D-8A61-94741E045C99}"
EndProject
Global
	GlobalSection(SolutionConfigurationPlatforms) = preSolution
		Debug|Any CPU = Debug|Any CPU
		Release|Any CPU = Release|Any CPU
	EndGlobalSection
	GlobalSection(ProjectConfigurationPlatforms) = postSolution
		{238C6B8C-21B0-447D-8A61-94741E045C99}.Debug|Any CPU.ActiveCfg = Debug|Any CPU
		{238C6B8C-21B0-447D-8A61-94741E045C99}.Debug|Any CPU.Build.0 = Debug|Any CPU
		{238C6B8C-21B0-447D-8A61-94741E045C99}.Release|Any CPU.ActiveCfg = Release|Any CPU
		{238C6B8C-21B0-447D-8A61-94741E045C99}.Release|Any CPU.Build.0 = Release|Any CPU
	EndGlobalSection
	GlobalSection(SolutionProperties) = preSolution
		HideSolutionNode = FALSE
	EndGlobalSection
	GlobalSection(ExtensibilityGlobals) = postSolution
		SolutionGuid = {3D63F2F8-3CA8-4119-9990-7B7113E5ED5D}
	EndGlobalSection
EndGlobal
