
Microsoft Visual Studio Solution File, Format Version 12.00
# Visual Studio Version 16
VisualStudioVersion = 16.0.31613.86
MinimumVisualStudioVersion = 10.0.40219.1
Project("{FAE04EC0-301F-11D3-BF4B-00C04F79EFBC}") = "fatorial", "fatorial.csproj", "{290A5992-1805-4837-B156-A5DC1025EB5F}"
EndProject
Global
	GlobalSection(SolutionConfigurationPlatforms) = preSolution
		Debug|Any CPU = Debug|Any CPU
		Release|Any CPU = Release|Any CPU
	EndGlobalSection
	GlobalSection(ProjectConfigurationPlatforms) = postSolution
		{290A5992-1805-4837-B156-A5DC1025EB5F}.Debug|Any CPU.ActiveCfg = Debug|Any CPU
		{290A5992-1805-4837-B156-A5DC1025EB5F}.Debug|Any CPU.Build.0 = Debug|Any CPU
		{290A5992-1805-4837-B156-A5DC1025EB5F}.Release|Any CPU.ActiveCfg = Release|Any CPU
		{290A5992-1805-4837-B156-A5DC1025EB5F}.Release|Any CPU.Build.0 = Release|Any CPU
	EndGlobalSection
	GlobalSection(SolutionProperties) = preSolution
		HideSolutionNode = FALSE
	EndGlobalSection
	GlobalSection(ExtensibilityGlobals) = postSolution
		SolutionGuid = {0FEAD151-290B-4064-B346-18B5040D4122}
	EndGlobalSection
EndGlobal
