
Microsoft Visual Studio Solution File, Format Version 12.00
# Visual Studio Version 16
VisualStudioVersion = 16.0.31613.86
MinimumVisualStudioVersion = 10.0.40219.1
Project("{FAE04EC0-301F-11D3-BF4B-00C04F79EFBC}") = "numero_primo", "numero_primo.csproj", "{0D41677B-3C85-4F53-B765-8F2E65B569EB}"
EndProject
Global
	GlobalSection(SolutionConfigurationPlatforms) = preSolution
		Debug|Any CPU = Debug|Any CPU
		Release|Any CPU = Release|Any CPU
	EndGlobalSection
	GlobalSection(ProjectConfigurationPlatforms) = postSolution
		{0D41677B-3C85-4F53-B765-8F2E65B569EB}.Debug|Any CPU.ActiveCfg = Debug|Any CPU
		{0D41677B-3C85-4F53-B765-8F2E65B569EB}.Debug|Any CPU.Build.0 = Debug|Any CPU
		{0D41677B-3C85-4F53-B765-8F2E65B569EB}.Release|Any CPU.ActiveCfg = Release|Any CPU
		{0D41677B-3C85-4F53-B765-8F2E65B569EB}.Release|Any CPU.Build.0 = Release|Any CPU
	EndGlobalSection
	GlobalSection(SolutionProperties) = preSolution
		HideSolutionNode = FALSE
	EndGlobalSection
	GlobalSection(ExtensibilityGlobals) = postSolution
		SolutionGuid = {755A7ECD-28AC-4C0C-B72C-6E49CF20445B}
	EndGlobalSection
EndGlobal
