
Microsoft Visual Studio Solution File, Format Version 12.00
# Visual Studio Version 16
VisualStudioVersion = 16.0.31613.86
MinimumVisualStudioVersion = 10.0.40219.1
Project("{FAE04EC0-301F-11D3-BF4B-00C04F79EFBC}") = "contarNosDedos", "contarNosDedos.csproj", "{07D39489-9B8C-4FFB-9975-33D26354E37B}"
EndProject
Global
	GlobalSection(SolutionConfigurationPlatforms) = preSolution
		Debug|Any CPU = Debug|Any CPU
		Release|Any CPU = Release|Any CPU
	EndGlobalSection
	GlobalSection(ProjectConfigurationPlatforms) = postSolution
		{07D39489-9B8C-4FFB-9975-33D26354E37B}.Debug|Any CPU.ActiveCfg = Debug|Any CPU
		{07D39489-9B8C-4FFB-9975-33D26354E37B}.Debug|Any CPU.Build.0 = Debug|Any CPU
		{07D39489-9B8C-4FFB-9975-33D26354E37B}.Release|Any CPU.ActiveCfg = Release|Any CPU
		{07D39489-9B8C-4FFB-9975-33D26354E37B}.Release|Any CPU.Build.0 = Release|Any CPU
	EndGlobalSection
	GlobalSection(SolutionProperties) = preSolution
		HideSolutionNode = FALSE
	EndGlobalSection
	GlobalSection(ExtensibilityGlobals) = postSolution
		SolutionGuid = {9E676D6B-781A-4E55-AB32-CF8343C42D90}
	EndGlobalSection
EndGlobal
